// !$*UTF8*$!
{
	archiveVersion = 1;
	classes = {
	};
	objectVersion = 50;
	objects = {

/* Begin PBXBuildFile section */
		8A5BAAD625B60D3E004A994D /* AppDelegate.swift in Sources */ = {isa = PBXBuildFile; fileRef = 8A5BAAD525B60D3E004A994D /* AppDelegate.swift */; };
		8AA22E4225B5E6D0001CECC6 /* AppView.swift in Sources */ = {isa = PBXBuildFile; fileRef = 8AA22E4125B5E6D0001CECC6 /* AppView.swift */; };
		8AA22E4425B5E7AC001CECC6 /* SceneDelegate.swift in Sources */ = {isa = PBXBuildFile; fileRef = 8AA22E4325B5E7AC001CECC6 /* SceneDelegate.swift */; };
		8AD84F87248947BE009B945A /* Main.storyboard in Resources */ = {isa = PBXBuildFile; fileRef = 8AD84F85248947BE009B945A /* Main.storyboard */; };
		8AD84F89248947CB009B945A /* Assets.xcassets in Resources */ = {isa = PBXBuildFile; fileRef = 8AD84F88248947CB009B945A /* Assets.xcassets */; };
		8AD84F8C248947CB009B945A /* LaunchScreen.storyboard in Resources */ = {isa = PBXBuildFile; fileRef = 8AD84F8A248947CB009B945A /* LaunchScreen.storyboard */; };
		8AE662F125B5E0C00028A33D /* ViewController.swift in Sources */ = {isa = PBXBuildFile; fileRef = 8AE662F025B5E0C00028A33D /* ViewController.swift */; };
/* End PBXBuildFile section */

/* Begin PBXFileReference section */
		8A5BAAD525B60D3E004A994D /* AppDelegate.swift */ = {isa = PBXFileReference; lastKnownFileType = sourcecode.swift; path = AppDelegate.swift; sourceTree = "<group>"; };
		8AA22E4125B5E6D0001CECC6 /* AppView.swift */ = {isa = PBXFileReference; lastKnownFileType = sourcecode.swift; path = AppView.swift; sourceTree = "<group>"; };
		8AA22E4325B5E7AC001CECC6 /* SceneDelegate.swift */ = {isa = PBXFileReference; lastKnownFileType = sourcecode.swift; path = SceneDelegate.swift; sourceTree = "<group>"; };
		8AD84F79248947BE009B945A /* Label4TextField.app */ = {isa = PBXFileReference; explicitFileType = wrapper.application; includeInIndex = 0; path = Label4TextField.app; sourceTree = BUILT_PRODUCTS_DIR; };
		8AD84F86248947BE009B945A /* Base */ = {isa = PBXFileReference; lastKnownFileType = file.storyboard; name = Base; path = Base.lproj/Main.storyboard; sourceTree = "<group>"; };
		8AD84F88248947CB009B945A /* Assets.xcassets */ = {isa = PBXFileReference; lastKnownFileType = folder.assetcatalog; path = Assets.xcassets; sourceTree = "<group>"; };
		8AD84F8B248947CB009B945A /* Base */ = {isa = PBXFileReference; lastKnownFileType = file.storyboard; name = Base; path = Base.lproj/LaunchScreen.storyboard; sourceTree = "<group>"; };
		8AD84F8D248947CB009B945A /* Info.plist */ = {isa = PBXFileReference; lastKnownFileType = text.plist.xml; path = Info.plist; sourceTree = "<group>"; };
		8AE662EF25B5E0C00028A33D /* Label4TextField-Bridging-Header.h */ = {isa = PBXFileReference; lastKnownFileType = sourcecode.c.h; path = "Label4TextField-Bridging-Header.h"; sourceTree = "<group>"; };
		8AE662F025B5E0C00028A33D /* ViewController.swift */ = {isa = PBXFileReference; lastKnownFileType = sourcecode.swift; path = ViewController.swift; sourceTree = "<group>"; };
/* End PBXFileReference section */

/* Begin PBXFrameworksBuildPhase section */
		8AD84F76248947BE009B945A /* Frameworks */ = {
			isa = PBXFrameworksBuildPhase;
			buildActionMask = 2147483647;
			files = (
			);
			runOnlyForDeploymentPostprocessing = 0;
		};
/* End PBXFrameworksBuildPhase section */

/* Begin PBXGroup section */
		8AD84F70248947BE009B945A = {
			isa = PBXGroup;
			children = (
				8AD84F7B248947BE009B945A /* Label4TextField */,
				8AD84F7A248947BE009B945A /* Products */,
			);
			sourceTree = "<group>";
		};
		8AD84F7A248947BE009B945A /* Products */ = {
			isa = PBXGroup;
			children = (
				8AD84F79248947BE009B945A /* Label4TextField.app */,
			);
			name = Products;
			sourceTree = "<group>";
		};
		8AD84F7B248947BE009B945A /* Label4TextField */ = {
			isa = PBXGroup;
			children = (
				8A5BAAD525B60D3E004A994D /* AppDelegate.swift */,
				8AE662F025B5E0C00028A33D /* ViewController.swift */,
				8AA22E4125B5E6D0001CECC6 /* AppView.swift */,
				8AD84F85248947BE009B945A /* Main.storyboard */,
				8AD84F88248947CB009B945A /* Assets.xcassets */,
				8AD84F8A248947CB009B945A /* LaunchScreen.storyboard */,
				8AD84F8D248947CB009B945A /* Info.plist */,
				8AA22E4325B5E7AC001CECC6 /* SceneDelegate.swift */,
				8AE662EF25B5E0C00028A33D /* Label4TextField-Bridging-Header.h */,
			);
			path = Label4TextField;
			sourceTree = "<group>";
		};
/* End PBXGroup section */

/* Begin PBXNativeTarget section */
		8AD84F78248947BE009B945A /* Label4TextField */ = {
			isa = PBXNativeTarget;
			buildConfigurationList = 8AD84F92248947CB009B945A /* Build configuration list for PBXNativeTarget "Label4TextField" */;
			buildPhases = (
				8AD84F75248947BE009B945A /* Sources */,
				8AD84F76248947BE009B945A /* Frameworks */,
				8AD84F77248947BE009B945A /* Resources */,
			);
			buildRules = (
			);
			dependencies = (
			);
			name = Label4TextField;
			productName = Label4TextField;
			productReference = 8AD84F79248947BE009B945A /* Label4TextField.app */;
			productType = "com.apple.product-type.application";
		};
/* End PBXNativeTarget section */

/* Begin PBXProject section */
		8AD84F71248947BE009B945A /* Project object */ = {
			isa = PBXProject;
			attributes = {
				LastUpgradeCheck = 1140;
				ORGANIZATIONNAME = "Iurie Guzun";
				TargetAttributes = {
					8AD84F78248947BE009B945A = {
						CreatedOnToolsVersion = 11.4.1;
						LastSwiftMigration = 1150;
					};
				};
			};
			buildConfigurationList = 8AD84F74248947BE009B945A /* Build configuration list for PBXProject "Label4TextField" */;
			compatibilityVersion = "Xcode 9.3";
			developmentRegion = en;
			hasScannedForEncodings = 0;
			knownRegions = (
				en,
				Base,
			);
			mainGroup = 8AD84F70248947BE009B945A;
			productRefGroup = 8AD84F7A248947BE009B945A /* Products */;
			projectDirPath = "";
			projectRoot = "";
			targets = (
				8AD84F78248947BE009B945A /* Label4TextField */,
			);
		};
/* End PBXProject section */

/* Begin PBXResourcesBuildPhase section */
		8AD84F77248947BE009B945A /* Resources */ = {
			isa = PBXResourcesBuildPhase;
			buildActionMask = 2147483647;
			files = (
				8AD84F8C248947CB009B945A /* LaunchScreen.storyboard in Resources */,
				8AD84F89248947CB009B945A /* Assets.xcassets in Resources */,
				8AD84F87248947BE009B945A /* Main.storyboard in Resources */,
			);
			runOnlyForDeploymentPostprocessing = 0;
		};
/* End PBXResourcesBuildPhase section */

/* Begin PBXSourcesBuildPhase section */
		8AD84F75248947BE009B945A /* Sources */ = {
			isa = PBXSourcesBuildPhase;
			buildActionMask = 2147483647;
			files = (
				8A5BAAD625B60D3E004A994D /* AppDelegate.swift in Sources */,
				8AE662F125B5E0C00028A33D /* ViewController.swift in Sources */,
				8AA22E4425B5E7AC001CECC6 /* SceneDelegate.swift in Sources */,
				8AA22E4225B5E6D0001CECC6 /* AppView.swift in Sources */,
			);
			runOnlyForDeploymentPostprocessing = 0;
		};
/* End PBXSourcesBuildPhase section */

/* Begin PBXVariantGroup section */
		8AD84F85248947BE009B945A /* Main.storyboard */ = {
			isa = PBXVariantGroup;
			children = (
				8AD84F86248947BE009B945A /* Base */,
			);
			name = Main.storyboard;
			sourceTree = "<group>";
		};
		8AD84F8A248947CB009B945A /* LaunchScreen.storyboard */ = {
			isa = PBXVariantGroup;
			children = (
				8AD84F8B248947CB009B945A /* Base */,
			);
			name = LaunchScreen.storyboard;
			sourceTree = "<group>";
		};
/* End PBXVariantGroup section */

/* Begin XCBuildConfiguration section */
		8AD84F90248947CB009B945A /* Debug */ = {
			isa = XCBuildConfiguration;
			buildSettings = {
				ALWAYS_SEARCH_USER_PATHS = NO;
				CLANG_ANALYZER_NONNULL = YES;
				CLANG_ANALYZER_NUMBER_OBJECT_CONVERSION = YES_AGGRESSIVE;
				CLANG_CXX_LANGUAGE_STANDARD = "gnu++14";
				CLANG_CXX_LIBRARY = "libc++";
				CLANG_ENABLE_MODULES = YES;
				CLANG_ENABLE_OBJC_ARC = YES;
				CLANG_ENABLE_OBJC_WEAK = YES;
				CLANG_WARN_BLOCK_CAPTURE_AUTORELEASING = YES;
				CLANG_WARN_BOOL_CONVERSION = YES;
				CLANG_WARN_COMMA = YES;
				CLANG_WARN_CONSTANT_CONVERSION = YES;
				CLANG_WARN_DEPRECATED_OBJC_IMPLEMENTATIONS = YES;
				CLANG_WARN_DIRECT_OBJC_ISA_USAGE = YES_ERROR;
				CLANG_WARN_DOCUMENTATION_COMMENTS = YES;
				CLANG_WARN_EMPTY_BODY = YES;
				CLANG_WARN_ENUM_CONVERSION = YES;
				CLANG_WARN_INFINITE_RECURSION = YES;
				CLANG_WARN_INT_CONVERSION = YES;
				CLANG_WARN_NON_LITERAL_NULL_CONVERSION = YES;
				CLANG_WARN_OBJC_IMPLICIT_RETAIN_SELF = YES;
				CLANG_WARN_OBJC_LITERAL_CONVERSION = YES;
				CLANG_WARN_OBJC_ROOT_CLASS = YES_ERROR;
				CLANG_WARN_RANGE_LOOP_ANALYSIS = YES;
				CLANG_WARN_STRICT_PROTOTYPES = YES;
				CLANG_WARN_SUSPICIOUS_MOVE = YES;
				CLANG_WARN_UNGUARDED_AVAILABILITY = YES_AGGRESSIVE;
				CLANG_WARN_UNREACHABLE_CODE = YES;
				CLANG_WARN__DUPLICATE_METHOD_MATCH = YES;
				COPY_PHASE_STRIP = NO;
				DEBUG_INFORMATION_FORMAT = dwarf;
				ENABLE_STRICT_OBJC_MSGSEND = YES;
				ENABLE_TESTABILITY = YES;
				GCC_C_LANGUAGE_STANDARD = gnu11;
				GCC_DYNAMIC_NO_PIC = NO;
				GCC_NO_COMMON_BLOCKS = YES;
				GCC_OPTIMIZATION_LEVEL = 0;
				GCC_PREPROCESSOR_DEFINITIONS = (
					"DEBUG=1",
					"$(inherited)",
				);
				GCC_WARN_64_TO_32_BIT_CONVERSION = YES;
				GCC_WARN_ABOUT_RETURN_TYPE = YES_ERROR;
				GCC_WARN_UNDECLARED_SELECTOR = YES;
				GCC_WARN_UNINITIALIZED_AUTOS = YES_AGGRESSIVE;
				GCC_WARN_UNUSED_FUNCTION = YES;
				GCC_WARN_UNUSED_VARIABLE = YES;
				IPHONEOS_DEPLOYMENT_TARGET = 13.4;
				MTL_ENABLE_DEBUG_INFO = INCLUDE_SOURCE;
				MTL_FAST_MATH = YES;
				ONLY_ACTIVE_ARCH = YES;
				SDKROOT = iphoneos;
			};
			name = Debug;
		};
		8AD84F91248947CB009B945A /* Release */ = {
			isa = XCBuildConfiguration;
			buildSettings = {
				ALWAYS_SEARCH_USER_PATHS = NO;
				CLANG_ANALYZER_NONNULL = YES;
				CLANG_ANALYZER_NUMBER_OBJECT_CONVERSION = YES_AGGRESSIVE;
				CLANG_CXX_LANGUAGE_STANDARD = "gnu++14";
				CLANG_CXX_LIBRARY = "libc++";
				CLANG_ENABLE_MODULES = YES;
				CLANG_ENABLE_OBJC_ARC = YES;
				CLANG_ENABLE_OBJC_WEAK = YES;
				CLANG_WARN_BLOCK_CAPTURE_AUTORELEASING = YES;
				CLANG_WARN_BOOL_CONVERSION = YES;
				CLANG_WARN_COMMA = YES;
				CLANG_WARN_CONSTANT_CONVERSION = YES;
				CLANG_WARN_DEPRECATED_OBJC_IMPLEMENTATIONS = YES;
				CLANG_WARN_DIRECT_OBJC_ISA_USAGE = YES_ERROR;
				CLANG_WARN_DOCUMENTATION_COMMENTS = YES;
				CLANG_WARN_EMPTY_BODY = YES;
				CLANG_WARN_ENUM_CONVERSION = YES;
				CLANG_WARN_INFINITE_RECURSION = YES;
				CLANG_WARN_INT_CONVERSION = YES;
				CLANG_WARN_NON_LITERAL_NULL_CONVERSION = YES;
				CLANG_WARN_OBJC_IMPLICIT_RETAIN_SELF = YES;
				CLANG_WARN_OBJC_LITERAL_CONVERSION = YES;
				CLANG_WARN_OBJC_ROOT_CLASS = YES_ERROR;
				CLANG_WARN_RANGE_LOOP_ANALYSIS = YES;
				CLANG_WARN_STRICT_PROTOTYPES = YES;
				CLANG_WARN_SUSPICIOUS_MOVE = YES;
				CLANG_WARN_UNGUARDED_AVAILABILITY = YES_AGGRESSIVE;
				CLANG_WARN_UNREACHABLE_CODE = YES;
				CLANG_WARN__DUPLICATE_METHOD_MATCH = YES;
				COPY_PHASE_STRIP = NO;
				DEBUG_INFORMATION_FORMAT = "dwarf-with-dsym";
				ENABLE_NS_ASSERTIONS = NO;
				ENABLE_STRICT_OBJC_MSGSEND = YES;
				GCC_C_LANGUAGE_STANDARD = gnu11;
				GCC_NO_COMMON_BLOCKS = YES;
				GCC_WARN_64_TO_32_BIT_CONVERSION = YES;
				GCC_WARN_ABOUT_RETURN_TYPE = YES_ERROR;
				GCC_WARN_UNDECLARED_SELECTOR = YES;
				GCC_WARN_UNINITIALIZED_AUTOS = YES_AGGRESSIVE;
				GCC_WARN_UNUSED_FUNCTION = YES;
				GCC_WARN_UNUSED_VARIABLE = YES;
				IPHONEOS_DEPLOYMENT_TARGET = 13.4;
				MTL_ENABLE_DEBUG_INFO = NO;
				MTL_FAST_MATH = YES;
				SDKROOT = iphoneos;
				VALIDATE_PRODUCT = YES;
			};
			name = Release;
		};
		8AD84F93248947CB009B945A /* Debug */ = {
			isa = XCBuildConfiguration;
			buildSettings = {
				ASSETCATALOG_COMPILER_APPICON_NAME = AppIcon;
				CLANG_ENABLE_MODULES = YES;
				CODE_SIGN_STYLE = Automatic;
				DEVELOPMENT_TEAM = JKMGXM83KA;
				INFOPLIST_FILE = Label4TextField/Info.plist;
				IPHONEOS_DEPLOYMENT_TARGET = 13.0;
				LD_RUNPATH_SEARCH_PATHS = (
					"$(inherited)",
					"@executable_path/Frameworks",
				);
				PRODUCT_BUNDLE_IDENTIFIER = com.IurieGuzun.Label4TextField;
				PRODUCT_NAME = "$(TARGET_NAME)";
				SWIFT_OBJC_BRIDGING_HEADER = "Label4TextField/Label4TextField-Bridging-Header.h";
				SWIFT_OPTIMIZATION_LEVEL = "-Onone";
				SWIFT_VERSION = 5.0;
				TARGETED_DEVICE_FAMILY = "1,2";
			};
			name = Debug;
		};
		8AD84F94248947CB009B945A /* Release */ = {
			isa = XCBuildConfiguration;
			buildSettings = {
				ASSETCATALOG_COMPILER_APPICON_NAME = AppIcon;
				CLANG_ENABLE_MODULES = YES;
				CODE_SIGN_STYLE = Automatic;
				DEVELOPMENT_TEAM = JKMGXM83KA;
				INFOPLIST_FILE = Label4TextField/Info.plist;
				IPHONEOS_DEPLOYMENT_TARGET = 13.0;
				LD_RUNPATH_SEARCH_PATHS = (
					"$(inherited)",
					"@executable_path/Frameworks",
				);
				PRODUCT_BUNDLE_IDENTIFIER = com.IurieGuzun.Label4TextField;
				PRODUCT_NAME = "$(TARGET_NAME)";
				SWIFT_OBJC_BRIDGING_HEADER = "Label4TextField/Label4TextField-Bridging-Header.h";
				SWIFT_VERSION = 5.0;
				TARGETED_DEVICE_FAMILY = "1,2";
			};
			name = Release;
		};
/* End XCBuildConfiguration section */

/* Begin XCConfigurationList section */
		8AD84F74248947BE009B945A /* Build configuration list for PBXProject "Label4TextField" */ = {
			isa = XCConfigurationList;
			buildConfigurations = (
				8AD84F90248947CB009B945A /* Debug */,
				8AD84F91248947CB009B945A /* Release */,
			);
			defaultConfigurationIsVisible = 0;
			defaultConfigurationName = Release;
		};
		8AD84F92248947CB009B945A /* Build configuration list for PBXNativeTarget "Label4TextField" */ = {
			isa = XCConfigurationList;
			buildConfigurations = (
				8AD84F93248947CB009B945A /* Debug */,
				8AD84F94248947CB009B945A /* Release */,
			);
			defaultConfigurationIsVisible = 0;
			defaultConfigurationName = Release;
		};
/* End XCConfigurationList section */
	};
	rootObject = 8AD84F71248947BE009B945A /* Project object */;
}
